
Microsoft Visual Studio Solution File, Format Version 12.00
# Visual Studio Version 17
VisualStudioVersion = 17.14.36301.6 d17.14
MinimumVisualStudioVersion = 10.0.40219.1
Project("{FAE04EC0-301F-11D3-BF4B-00C04F79EFBC}") = "Practca5", "Practca5\Practca5.csproj", "{7AF1FE97-4C30-4933-B576-CD0BD3FC6DFE}"
EndProject
Global
	GlobalSection(SolutionConfigurationPlatforms) = preSolution
		Debug|Any CPU = Debug|Any CPU
		Release|Any CPU = Release|Any CPU
	EndGlobalSection
	GlobalSection(ProjectConfigurationPlatforms) = postSolution
		{7AF1FE97-4C30-4933-B576-CD0BD3FC6DFE}.Debug|Any CPU.ActiveCfg = Debug|Any CPU
		{7AF1FE97-4C30-4933-B576-CD0BD3FC6DFE}.Debug|Any CPU.Build.0 = Debug|Any CPU
		{7AF1FE97-4C30-4933-B576-CD0BD3FC6DFE}.Release|Any CPU.ActiveCfg = Release|Any CPU
		{7AF1FE97-4C30-4933-B576-CD0BD3FC6DFE}.Release|Any CPU.Build.0 = Release|Any CPU
	EndGlobalSection
	GlobalSection(SolutionProperties) = preSolution
		HideSolutionNode = FALSE
	EndGlobalSection
	GlobalSection(ExtensibilityGlobals) = postSolution
		SolutionGuid = {0285DA44-3812-4291-BDAD-441758701A6D}
	EndGlobalSection
EndGlobal
